
Microsoft Visual Studio Solution File, Format Version 12.00
# Visual Studio 15
VisualStudioVersion = 15.0.27703.2000
MinimumVisualStudioVersion = 10.0.40219.1
Project("{FAE04EC0-301F-11D3-BF4B-00C04F79EFBC}") = "ChamadoFacil.ApplicationService", "ChamadoFacil.ApplicationService\ChamadoFacil.ApplicationService.csproj", "{4FEA50C9-09C4-4EAF-96B5-46D5BF771C18}"
EndProject
Project("{FAE04EC0-301F-11D3-BF4B-00C04F79EFBC}") = "ChamadoFacil.CrossCutting", "ChamadoFacil.CrossCutting\ChamadoFacil.CrossCutting.csproj", "{07736E39-E012-451C-9A69-8A3A177AD0AC}"
EndProject
Project("{FAE04EC0-301F-11D3-BF4B-00C04F79EFBC}") = "ChamadoFacil.DependencyInjection", "ChamadoFacil.DependencyInjection\ChamadoFacil.DependencyInjection.csproj", "{A786FF8A-43CC-44BE-B064-DC20BA448A1F}"
EndProject
Project("{FAE04EC0-301F-11D3-BF4B-00C04F79EFBC}") = "ChamadoFacil.BusinessLogic", "ChamadoFacil.BusinessLogic\ChamadoFacil.BusinessLogic.csproj", "{B596B7A7-199B-4770-B16F-3257B08F2664}"
EndProject
Project("{FAE04EC0-301F-11D3-BF4B-00C04F79EFBC}") = "ChamadoFacil.DataAccess", "ChamadoFacil.DataAccess\ChamadoFacil.DataAccess.csproj", "{E5FD2A4C-F5A4-4EFE-B9A6-0FF1FA81739D}"
EndProject
Project("{FAE04EC0-301F-11D3-BF4B-00C04F79EFBC}") = "ChamadoFacil.Mapping", "ChamadoFacil.Mapping\ChamadoFacil.Mapping.csproj", "{B7782264-CAE8-49EB-9A87-EC942113F67E}"
EndProject
Global
	GlobalSection(SolutionConfigurationPlatforms) = preSolution
		Debug|Any CPU = Debug|Any CPU
		Release|Any CPU = Release|Any CPU
	EndGlobalSection
	GlobalSection(ProjectConfigurationPlatforms) = postSolution
		{4FEA50C9-09C4-4EAF-96B5-46D5BF771C18}.Debug|Any CPU.ActiveCfg = Debug|Any CPU
		{4FEA50C9-09C4-4EAF-96B5-46D5BF771C18}.Debug|Any CPU.Build.0 = Debug|Any CPU
		{4FEA50C9-09C4-4EAF-96B5-46D5BF771C18}.Release|Any CPU.ActiveCfg = Release|Any CPU
		{4FEA50C9-09C4-4EAF-96B5-46D5BF771C18}.Release|Any CPU.Build.0 = Release|Any CPU
		{07736E39-E012-451C-9A69-8A3A177AD0AC}.Debug|Any CPU.ActiveCfg = Debug|Any CPU
		{07736E39-E012-451C-9A69-8A3A177AD0AC}.Debug|Any CPU.Build.0 = Debug|Any CPU
		{07736E39-E012-451C-9A69-8A3A177AD0AC}.Release|Any CPU.ActiveCfg = Release|Any CPU
		{07736E39-E012-451C-9A69-8A3A177AD0AC}.Release|Any CPU.Build.0 = Release|Any CPU
		{A786FF8A-43CC-44BE-B064-DC20BA448A1F}.Debug|Any CPU.ActiveCfg = Debug|Any CPU
		{A786FF8A-43CC-44BE-B064-DC20BA448A1F}.Debug|Any CPU.Build.0 = Debug|Any CPU
		{A786FF8A-43CC-44BE-B064-DC20BA448A1F}.Release|Any CPU.ActiveCfg = Release|Any CPU
		{A786FF8A-43CC-44BE-B064-DC20BA448A1F}.Release|Any CPU.Build.0 = Release|Any CPU
		{B596B7A7-199B-4770-B16F-3257B08F2664}.Debug|Any CPU.ActiveCfg = Debug|Any CPU
		{B596B7A7-199B-4770-B16F-3257B08F2664}.Debug|Any CPU.Build.0 = Debug|Any CPU
		{B596B7A7-199B-4770-B16F-3257B08F2664}.Release|Any CPU.ActiveCfg = Release|Any CPU
		{B596B7A7-199B-4770-B16F-3257B08F2664}.Release|Any CPU.Build.0 = Release|Any CPU
		{E5FD2A4C-F5A4-4EFE-B9A6-0FF1FA81739D}.Debug|Any CPU.ActiveCfg = Debug|Any CPU
		{E5FD2A4C-F5A4-4EFE-B9A6-0FF1FA81739D}.Debug|Any CPU.Build.0 = Debug|Any CPU
		{E5FD2A4C-F5A4-4EFE-B9A6-0FF1FA81739D}.Release|Any CPU.ActiveCfg = Release|Any CPU
		{E5FD2A4C-F5A4-4EFE-B9A6-0FF1FA81739D}.Release|Any CPU.Build.0 = Release|Any CPU
		{B7782264-CAE8-49EB-9A87-EC942113F67E}.Debug|Any CPU.ActiveCfg = Debug|Any CPU
		{B7782264-CAE8-49EB-9A87-EC942113F67E}.Debug|Any CPU.Build.0 = Debug|Any CPU
		{B7782264-CAE8-49EB-9A87-EC942113F67E}.Release|Any CPU.ActiveCfg = Release|Any CPU
		{B7782264-CAE8-49EB-9A87-EC942113F67E}.Release|Any CPU.Build.0 = Release|Any CPU
	EndGlobalSection
	GlobalSection(SolutionProperties) = preSolution
		HideSolutionNode = FALSE
	EndGlobalSection
	GlobalSection(ExtensibilityGlobals) = postSolution
		SolutionGuid = {3DBC07F0-A06E-45FB-91E6-CC526BB85277}
	EndGlobalSection
EndGlobal
